
Microsoft Visual Studio Solution File, Format Version 12.00
# Visual Studio Version 16
VisualStudioVersion = 16.0.31019.35
MinimumVisualStudioVersion = 10.0.40219.1
Project("{FAE04EC0-301F-11D3-BF4B-00C04F79EFBC}") = "angularApiCore", "angularApiCore\angularApiCore.csproj", "{1DC11022-AE01-451B-94B4-A39E3CB44E0D}"
EndProject
Project("{FAE04EC0-301F-11D3-BF4B-00C04F79EFBC}") = "Core", "Core\Core.csproj", "{DE772009-06DF-4A3B-AB27-1458EE83F7C3}"
EndProject
Project("{FAE04EC0-301F-11D3-BF4B-00C04F79EFBC}") = "Infrastructure", "Infrastructure\Infrastructure.csproj", "{DC6D73C6-821C-4352-A4EC-D9ED116AD23C}"
EndProject
Global
	GlobalSection(SolutionConfigurationPlatforms) = preSolution
		Debug|Any CPU = Debug|Any CPU
		Release|Any CPU = Release|Any CPU
	EndGlobalSection
	GlobalSection(ProjectConfigurationPlatforms) = postSolution
		{1DC11022-AE01-451B-94B4-A39E3CB44E0D}.Debug|Any CPU.ActiveCfg = Debug|Any CPU
		{1DC11022-AE01-451B-94B4-A39E3CB44E0D}.Debug|Any CPU.Build.0 = Debug|Any CPU
		{1DC11022-AE01-451B-94B4-A39E3CB44E0D}.Release|Any CPU.ActiveCfg = Release|Any CPU
		{1DC11022-AE01-451B-94B4-A39E3CB44E0D}.Release|Any CPU.Build.0 = Release|Any CPU
		{DE772009-06DF-4A3B-AB27-1458EE83F7C3}.Debug|Any CPU.ActiveCfg = Debug|Any CPU
		{DE772009-06DF-4A3B-AB27-1458EE83F7C3}.Debug|Any CPU.Build.0 = Debug|Any CPU
		{DE772009-06DF-4A3B-AB27-1458EE83F7C3}.Release|Any CPU.ActiveCfg = Release|Any CPU
		{DE772009-06DF-4A3B-AB27-1458EE83F7C3}.Release|Any CPU.Build.0 = Release|Any CPU
		{DC6D73C6-821C-4352-A4EC-D9ED116AD23C}.Debug|Any CPU.ActiveCfg = Debug|Any CPU
		{DC6D73C6-821C-4352-A4EC-D9ED116AD23C}.Debug|Any CPU.Build.0 = Debug|Any CPU
		{DC6D73C6-821C-4352-A4EC-D9ED116AD23C}.Release|Any CPU.ActiveCfg = Release|Any CPU
		{DC6D73C6-821C-4352-A4EC-D9ED116AD23C}.Release|Any CPU.Build.0 = Release|Any CPU
	EndGlobalSection
	GlobalSection(SolutionProperties) = preSolution
		HideSolutionNode = FALSE
	EndGlobalSection
	GlobalSection(ExtensibilityGlobals) = postSolution
		SolutionGuid = {D6D19BD2-C12B-422D-A8AC-77D1D16E81B0}
	EndGlobalSection
EndGlobal
